
Microsoft Visual Studio Solution File, Format Version 12.00
# Visual Studio Version 16
VisualStudioVersion = 16.0.31624.102
MinimumVisualStudioVersion = 10.0.40219.1
Project("{FAE04EC0-301F-11D3-BF4B-00C04F79EFBC}") = "Modul3HW4", "Modul3HW4\Modul3HW4.csproj", "{F4BFD811-709A-49F1-9885-986A6FABC23C}"
EndProject
Global
	GlobalSection(SolutionConfigurationPlatforms) = preSolution
		Debug|Any CPU = Debug|Any CPU
		Release|Any CPU = Release|Any CPU
	EndGlobalSection
	GlobalSection(ProjectConfigurationPlatforms) = postSolution
		{F4BFD811-709A-49F1-9885-986A6FABC23C}.Debug|Any CPU.ActiveCfg = Debug|Any CPU
		{F4BFD811-709A-49F1-9885-986A6FABC23C}.Debug|Any CPU.Build.0 = Debug|Any CPU
		{F4BFD811-709A-49F1-9885-986A6FABC23C}.Release|Any CPU.ActiveCfg = Release|Any CPU
		{F4BFD811-709A-49F1-9885-986A6FABC23C}.Release|Any CPU.Build.0 = Release|Any CPU
	EndGlobalSection
	GlobalSection(SolutionProperties) = preSolution
		HideSolutionNode = FALSE
	EndGlobalSection
	GlobalSection(ExtensibilityGlobals) = postSolution
		SolutionGuid = {CC4CA3A1-0934-44AD-9AE7-73397B9CC1A5}
	EndGlobalSection
EndGlobal
